
Microsoft Visual Studio Solution File, Format Version 12.00
# Visual Studio Version 16
VisualStudioVersion = 16.0.31129.286
MinimumVisualStudioVersion = 10.0.40219.1
Project("{9A19103F-16F7-4668-BE54-9A1E7A4F7556}") = "WebUi", "EasyParkingWay\WebUi.csproj", "{436B90CF-FDDB-4D2A-8E9A-CBEE104ED622}"
EndProject
Project("{9A19103F-16F7-4668-BE54-9A1E7A4F7556}") = "Domain", "Domain\Domain.csproj", "{C1D9A590-A18B-496E-BAE7-5426E91A0A15}"
EndProject
Project("{9A19103F-16F7-4668-BE54-9A1E7A4F7556}") = "Application", "Application\Application.csproj", "{3E23618E-13E4-44C5-82DE-424A322C5883}"
EndProject
Project("{9A19103F-16F7-4668-BE54-9A1E7A4F7556}") = "Infrastructure", "Infrastructure\Infrastructure.csproj", "{F2C3B1D8-6981-4119-BC1E-038C084348D3}"
EndProject
Global
	GlobalSection(SolutionConfigurationPlatforms) = preSolution
		Debug|Any CPU = Debug|Any CPU
		Release|Any CPU = Release|Any CPU
	EndGlobalSection
	GlobalSection(ProjectConfigurationPlatforms) = postSolution
		{436B90CF-FDDB-4D2A-8E9A-CBEE104ED622}.Debug|Any CPU.ActiveCfg = Debug|Any CPU
		{436B90CF-FDDB-4D2A-8E9A-CBEE104ED622}.Debug|Any CPU.Build.0 = Debug|Any CPU
		{436B90CF-FDDB-4D2A-8E9A-CBEE104ED622}.Release|Any CPU.ActiveCfg = Release|Any CPU
		{436B90CF-FDDB-4D2A-8E9A-CBEE104ED622}.Release|Any CPU.Build.0 = Release|Any CPU
		{C1D9A590-A18B-496E-BAE7-5426E91A0A15}.Debug|Any CPU.ActiveCfg = Debug|Any CPU
		{C1D9A590-A18B-496E-BAE7-5426E91A0A15}.Debug|Any CPU.Build.0 = Debug|Any CPU
		{C1D9A590-A18B-496E-BAE7-5426E91A0A15}.Release|Any CPU.ActiveCfg = Release|Any CPU
		{C1D9A590-A18B-496E-BAE7-5426E91A0A15}.Release|Any CPU.Build.0 = Release|Any CPU
		{3E23618E-13E4-44C5-82DE-424A322C5883}.Debug|Any CPU.ActiveCfg = Debug|Any CPU
		{3E23618E-13E4-44C5-82DE-424A322C5883}.Debug|Any CPU.Build.0 = Debug|Any CPU
		{3E23618E-13E4-44C5-82DE-424A322C5883}.Release|Any CPU.ActiveCfg = Release|Any CPU
		{3E23618E-13E4-44C5-82DE-424A322C5883}.Release|Any CPU.Build.0 = Release|Any CPU
		{F2C3B1D8-6981-4119-BC1E-038C084348D3}.Debug|Any CPU.ActiveCfg = Debug|Any CPU
		{F2C3B1D8-6981-4119-BC1E-038C084348D3}.Debug|Any CPU.Build.0 = Debug|Any CPU
		{F2C3B1D8-6981-4119-BC1E-038C084348D3}.Release|Any CPU.ActiveCfg = Release|Any CPU
		{F2C3B1D8-6981-4119-BC1E-038C084348D3}.Release|Any CPU.Build.0 = Release|Any CPU
	EndGlobalSection
	GlobalSection(SolutionProperties) = preSolution
		HideSolutionNode = FALSE
	EndGlobalSection
	GlobalSection(ExtensibilityGlobals) = postSolution
		SolutionGuid = {68AFEFE4-3072-4C68-AEEA-CCFE63E3B2A7}
	EndGlobalSection
EndGlobal
